
Microsoft Visual Studio Solution File, Format Version 12.00
# Visual Studio Version 16
VisualStudioVersion = 16.0.29009.5
MinimumVisualStudioVersion = 10.0.40219.1
Project("{FAE04EC0-301F-11D3-BF4B-00C04F79EFBC}") = "SNDT", "SNDT\SNDT.csproj", "{C1FAA84E-7FE4-48A2-8CBC-5BCEFC650558}"
EndProject
Project("{FAE04EC0-301F-11D3-BF4B-00C04F79EFBC}") = "testClasesGenerales", "testClasesGenerales\testClasesGenerales.csproj", "{30356EA1-4BC4-446C-B411-AB22DC9AAA26}"
EndProject
Global
	GlobalSection(SolutionConfigurationPlatforms) = preSolution
		Debug|Any CPU = Debug|Any CPU
		Release|Any CPU = Release|Any CPU
	EndGlobalSection
	GlobalSection(ProjectConfigurationPlatforms) = postSolution
		{C1FAA84E-7FE4-48A2-8CBC-5BCEFC650558}.Debug|Any CPU.ActiveCfg = Debug|Any CPU
		{C1FAA84E-7FE4-48A2-8CBC-5BCEFC650558}.Debug|Any CPU.Build.0 = Debug|Any CPU
		{C1FAA84E-7FE4-48A2-8CBC-5BCEFC650558}.Release|Any CPU.ActiveCfg = Release|Any CPU
		{C1FAA84E-7FE4-48A2-8CBC-5BCEFC650558}.Release|Any CPU.Build.0 = Release|Any CPU
		{30356EA1-4BC4-446C-B411-AB22DC9AAA26}.Debug|Any CPU.ActiveCfg = Debug|Any CPU
		{30356EA1-4BC4-446C-B411-AB22DC9AAA26}.Debug|Any CPU.Build.0 = Debug|Any CPU
		{30356EA1-4BC4-446C-B411-AB22DC9AAA26}.Release|Any CPU.ActiveCfg = Release|Any CPU
		{30356EA1-4BC4-446C-B411-AB22DC9AAA26}.Release|Any CPU.Build.0 = Release|Any CPU
	EndGlobalSection
	GlobalSection(SolutionProperties) = preSolution
		HideSolutionNode = FALSE
	EndGlobalSection
	GlobalSection(ExtensibilityGlobals) = postSolution
		SolutionGuid = {39E0C85D-0FF4-4622-8BD3-6F94B20560D5}
	EndGlobalSection
EndGlobal
